
Microsoft Visual Studio Solution File, Format Version 12.00
# Visual Studio Version 17
VisualStudioVersion = 17.11.35327.3
MinimumVisualStudioVersion = 10.0.40219.1
Project("{9A19103F-16F7-4668-BE54-9A1E7A4F7556}") = "mini-lc3-vm", "mini-lc3-vm\mini-lc3-vm.csproj", "{62C2D826-60A8-4857-A55D-342EE25C21C6}"
EndProject
Project("{9A19103F-16F7-4668-BE54-9A1E7A4F7556}") = "mini-lc3", "mini-lc3\mini-lc3.csproj", "{4D14821B-AA50-490F-8CD0-22C297BEDCA9}"
EndProject
Project("{9A19103F-16F7-4668-BE54-9A1E7A4F7556}") = "mini-lc3-tests", "mini-lc3-tests\mini-lc3-tests.csproj", "{325E4D1F-E805-44B1-898D-1F455D199692}"
EndProject
Project("{2150E333-8FDC-42A3-9474-1A3956D46DE8}") = "OS", "OS", "{0BC9A14D-2648-456F-8942-BFEFDAA24747}"
	ProjectSection(SolutionItems) = preProject
		mini-lc3-os\src\mini-lc3-os.asm = mini-lc3-os\src\mini-lc3-os.asm
	EndProjectSection
EndProject
Global
	GlobalSection(SolutionConfigurationPlatforms) = preSolution
		Debug|Any CPU = Debug|Any CPU
		Release|Any CPU = Release|Any CPU
	EndGlobalSection
	GlobalSection(ProjectConfigurationPlatforms) = postSolution
		{62C2D826-60A8-4857-A55D-342EE25C21C6}.Debug|Any CPU.ActiveCfg = Debug|Any CPU
		{62C2D826-60A8-4857-A55D-342EE25C21C6}.Debug|Any CPU.Build.0 = Debug|Any CPU
		{62C2D826-60A8-4857-A55D-342EE25C21C6}.Release|Any CPU.ActiveCfg = Release|Any CPU
		{62C2D826-60A8-4857-A55D-342EE25C21C6}.Release|Any CPU.Build.0 = Release|Any CPU
		{4D14821B-AA50-490F-8CD0-22C297BEDCA9}.Debug|Any CPU.ActiveCfg = Debug|Any CPU
		{4D14821B-AA50-490F-8CD0-22C297BEDCA9}.Debug|Any CPU.Build.0 = Debug|Any CPU
		{4D14821B-AA50-490F-8CD0-22C297BEDCA9}.Release|Any CPU.ActiveCfg = Release|Any CPU
		{4D14821B-AA50-490F-8CD0-22C297BEDCA9}.Release|Any CPU.Build.0 = Release|Any CPU
		{325E4D1F-E805-44B1-898D-1F455D199692}.Debug|Any CPU.ActiveCfg = Debug|Any CPU
		{325E4D1F-E805-44B1-898D-1F455D199692}.Debug|Any CPU.Build.0 = Debug|Any CPU
		{325E4D1F-E805-44B1-898D-1F455D199692}.Release|Any CPU.ActiveCfg = Release|Any CPU
		{325E4D1F-E805-44B1-898D-1F455D199692}.Release|Any CPU.Build.0 = Release|Any CPU
	EndGlobalSection
	GlobalSection(SolutionProperties) = preSolution
		HideSolutionNode = FALSE
	EndGlobalSection
	GlobalSection(ExtensibilityGlobals) = postSolution
		SolutionGuid = {7571B120-410F-4267-B228-4AD83E392673}
	EndGlobalSection
EndGlobal
